
Microsoft Visual Studio Solution File, Format Version 12.00
# Visual Studio 2013
VisualStudioVersion = 12.0.30723.0
MinimumVisualStudioVersion = 10.0.40219.1
Project("{FAE04EC0-301F-11D3-BF4B-00C04F79EFBC}") = "MinimalPath", "MinimalPath\MinimalPath.csproj", "{F4778987-BFF2-41C9-98CC-A1838D87002A}"
EndProject
Project("{FAE04EC0-301F-11D3-BF4B-00C04F79EFBC}") = "MinimalPath.Test", "MinimalPath.Test\MinimalPath.Test.csproj", "{60738CFC-C36D-4F44-8FE7-3F337826916D}"
EndProject
Global
	GlobalSection(SolutionConfigurationPlatforms) = preSolution
		Debug|Any CPU = Debug|Any CPU
		Release|Any CPU = Release|Any CPU
	EndGlobalSection
	GlobalSection(ProjectConfigurationPlatforms) = postSolution
		{F4778987-BFF2-41C9-98CC-A1838D87002A}.Debug|Any CPU.ActiveCfg = Debug|Any CPU
		{F4778987-BFF2-41C9-98CC-A1838D87002A}.Debug|Any CPU.Build.0 = Debug|Any CPU
		{F4778987-BFF2-41C9-98CC-A1838D87002A}.Release|Any CPU.ActiveCfg = Release|Any CPU
		{F4778987-BFF2-41C9-98CC-A1838D87002A}.Release|Any CPU.Build.0 = Release|Any CPU
		{60738CFC-C36D-4F44-8FE7-3F337826916D}.Debug|Any CPU.ActiveCfg = Debug|Any CPU
		{60738CFC-C36D-4F44-8FE7-3F337826916D}.Debug|Any CPU.Build.0 = Debug|Any CPU
		{60738CFC-C36D-4F44-8FE7-3F337826916D}.Release|Any CPU.ActiveCfg = Release|Any CPU
		{60738CFC-C36D-4F44-8FE7-3F337826916D}.Release|Any CPU.Build.0 = Release|Any CPU
	EndGlobalSection
	GlobalSection(SolutionProperties) = preSolution
		HideSolutionNode = FALSE
	EndGlobalSection
EndGlobal
